
Microsoft Visual Studio Solution File, Format Version 12.00
# Visual Studio Version 16
VisualStudioVersion = 16.0.30114.105
MinimumVisualStudioVersion = 10.0.40219.1
Project("{FAE04EC0-301F-11D3-BF4B-00C04F79EFBC}") = "ToDo", "ToDo\ToDo.csproj", "{FC9EEE37-379D-41D0-B0AA-4F40BAD8DCB2}"
EndProject
Project("{FAE04EC0-301F-11D3-BF4B-00C04F79EFBC}") = "ToDo.Tests", "ToDo.Tests\ToDo.Tests.csproj", "{87904238-4CC6-4136-A3D4-293DFF2BA836}"
EndProject
Global
	GlobalSection(SolutionConfigurationPlatforms) = preSolution
		Debug|Any CPU = Debug|Any CPU
		Release|Any CPU = Release|Any CPU
	EndGlobalSection
	GlobalSection(SolutionProperties) = preSolution
		HideSolutionNode = FALSE
	EndGlobalSection
	GlobalSection(ProjectConfigurationPlatforms) = postSolution
		{FC9EEE37-379D-41D0-B0AA-4F40BAD8DCB2}.Debug|Any CPU.ActiveCfg = Debug|Any CPU
		{FC9EEE37-379D-41D0-B0AA-4F40BAD8DCB2}.Debug|Any CPU.Build.0 = Debug|Any CPU
		{FC9EEE37-379D-41D0-B0AA-4F40BAD8DCB2}.Release|Any CPU.ActiveCfg = Release|Any CPU
		{FC9EEE37-379D-41D0-B0AA-4F40BAD8DCB2}.Release|Any CPU.Build.0 = Release|Any CPU
		{87904238-4CC6-4136-A3D4-293DFF2BA836}.Debug|Any CPU.ActiveCfg = Debug|Any CPU
		{87904238-4CC6-4136-A3D4-293DFF2BA836}.Debug|Any CPU.Build.0 = Debug|Any CPU
		{87904238-4CC6-4136-A3D4-293DFF2BA836}.Release|Any CPU.ActiveCfg = Release|Any CPU
		{87904238-4CC6-4136-A3D4-293DFF2BA836}.Release|Any CPU.Build.0 = Release|Any CPU
	EndGlobalSection
EndGlobal
